// !$*UTF8*$!
{
	archiveVersion = 1;
	classes = {
	};
	objectVersion = 56;
	objects = {

/* Begin PBXBuildFile section */
		0C1573ED29DEF64C008369C6 /* libsqlite3.tbd in Frameworks */ = {isa = PBXBuildFile; fileRef = 0C1573EC29DEF63F008369C6 /* libsqlite3.tbd */; };
		0C1573EF29DEFA6B008369C6 /* libsqlite3.0.tbd in Frameworks */ = {isa = PBXBuildFile; fileRef = 0C1573EE29DEFA64008369C6 /* libsqlite3.0.tbd */; };
		0C4BAB9E29DCA50D001DAE6C /* SpinningBackgroundView.swift in Sources */ = {isa = PBXBuildFile; fileRef = 0C4BAB9D29DCA50D001DAE6C /* SpinningBackgroundView.swift */; };
		0C4BABA029DE086B001DAE6C /* QuestsManager.swift in Sources */ = {isa = PBXBuildFile; fileRef = 0C4BAB9F29DE086B001DAE6C /* QuestsManager.swift */; };
		0C57166529E1F1A0006BB033 /* YouTubeVideoPlayerView.swift in Sources */ = {isa = PBXBuildFile; fileRef = 0C57166429E1F1A0006BB033 /* YouTubeVideoPlayerView.swift */; };
		0C6FA66329E0B3B700F5418E /* CalendarView.swift in Sources */ = {isa = PBXBuildFile; fileRef = 0C6FA66229E0B3B700F5418E /* CalendarView.swift */; };
		0CB64D8D29E463A200866CE3 /* QuestViews.swift in Sources */ = {isa = PBXBuildFile; fileRef = 0CB64D8C29E463A200866CE3 /* QuestViews.swift */; };
		0CE0BBDD29D89BAF00632086 /* BigBrainFunApp.swift in Sources */ = {isa = PBXBuildFile; fileRef = 0CE0BBDC29D89BAF00632086 /* BigBrainFunApp.swift */; };
		0CE0BBDF29D89BAF00632086 /* ContentView.swift in Sources */ = {isa = PBXBuildFile; fileRef = 0CE0BBDE29D89BAF00632086 /* ContentView.swift */; };
		0CE0BBE129D89BB000632086 /* Assets.xcassets in Resources */ = {isa = PBXBuildFile; fileRef = 0CE0BBE029D89BB000632086 /* Assets.xcassets */; };
		0CE0BBE429D89BB000632086 /* Preview Assets.xcassets in Resources */ = {isa = PBXBuildFile; fileRef = 0CE0BBE329D89BB000632086 /* Preview Assets.xcassets */; };
		0CE0BBEF29D89BB000632086 /* BigBrainFunTests.swift in Sources */ = {isa = PBXBuildFile; fileRef = 0CE0BBEE29D89BB000632086 /* BigBrainFunTests.swift */; };
		0CE0BBF929D89BB000632086 /* BigBrainFunUITests.swift in Sources */ = {isa = PBXBuildFile; fileRef = 0CE0BBF829D89BB000632086 /* BigBrainFunUITests.swift */; };
		0CE0BBFB29D89BB000632086 /* BigBrainFunUITestsLaunchTests.swift in Sources */ = {isa = PBXBuildFile; fileRef = 0CE0BBFA29D89BB000632086 /* BigBrainFunUITestsLaunchTests.swift */; };
		0CE0D04429D9DC8E00ABA468 /* DashView.swift in Sources */ = {isa = PBXBuildFile; fileRef = 0CE0D04329D9DC8E00ABA468 /* DashView.swift */; };
		0CE8E0FB29D8F8D300983BC7 /* RulesView.swift in Sources */ = {isa = PBXBuildFile; fileRef = 0CE8E0FA29D8F8D300983BC7 /* RulesView.swift */; };
		0CE8E0FD29D90CC200983BC7 /* PlanView.swift in Sources */ = {isa = PBXBuildFile; fileRef = 0CE8E0FC29D90CC200983BC7 /* PlanView.swift */; };
		0CFF077A29E6365F00AE8758 /* QuestFileAnalysisView.swift in Sources */ = {isa = PBXBuildFile; fileRef = 0CFF077929E6365F00AE8758 /* QuestFileAnalysisView.swift */; };
/* End PBXBuildFile section */

/* Begin PBXContainerItemProxy section */
		0CE0BBEB29D89BB000632086 /* PBXContainerItemProxy */ = {
			isa = PBXContainerItemProxy;
			containerPortal = 0CE0BBD129D89BAF00632086 /* Project object */;
			proxyType = 1;
			remoteGlobalIDString = 0CE0BBD829D89BAF00632086;
			remoteInfo = BigBrainFun;
		};
		0CE0BBF529D89BB000632086 /* PBXContainerItemProxy */ = {
			isa = PBXContainerItemProxy;
			containerPortal = 0CE0BBD129D89BAF00632086 /* Project object */;
			proxyType = 1;
			remoteGlobalIDString = 0CE0BBD829D89BAF00632086;
			remoteInfo = BigBrainFun;
		};
/* End PBXContainerItemProxy section */

/* Begin PBXFileReference section */
		0C1573EC29DEF63F008369C6 /* libsqlite3.tbd */ = {isa = PBXFileReference; lastKnownFileType = "sourcecode.text-based-dylib-definition"; name = libsqlite3.tbd; path = usr/lib/libsqlite3.tbd; sourceTree = SDKROOT; };
		0C1573EE29DEFA64008369C6 /* libsqlite3.0.tbd */ = {isa = PBXFileReference; lastKnownFileType = "sourcecode.text-based-dylib-definition"; name = libsqlite3.0.tbd; path = usr/lib/libsqlite3.0.tbd; sourceTree = SDKROOT; };
		0C4BAB9D29DCA50D001DAE6C /* SpinningBackgroundView.swift */ = {isa = PBXFileReference; lastKnownFileType = sourcecode.swift; path = SpinningBackgroundView.swift; sourceTree = "<group>"; };
		0C4BAB9F29DE086B001DAE6C /* QuestsManager.swift */ = {isa = PBXFileReference; lastKnownFileType = sourcecode.swift; path = QuestsManager.swift; sourceTree = "<group>"; };
		0C57166429E1F1A0006BB033 /* YouTubeVideoPlayerView.swift */ = {isa = PBXFileReference; lastKnownFileType = sourcecode.swift; path = YouTubeVideoPlayerView.swift; sourceTree = "<group>"; };
		0C6FA66229E0B3B700F5418E /* CalendarView.swift */ = {isa = PBXFileReference; lastKnownFileType = sourcecode.swift; path = CalendarView.swift; sourceTree = "<group>"; };
		0C95C42F29DA3CA00070832C /* Info.plist */ = {isa = PBXFileReference; lastKnownFileType = text.plist; path = Info.plist; sourceTree = "<group>"; };
		0CB64D8C29E463A200866CE3 /* QuestViews.swift */ = {isa = PBXFileReference; lastKnownFileType = sourcecode.swift; path = QuestViews.swift; sourceTree = "<group>"; };
		0CE0BBD929D89BAF00632086 /* BigBrainFun.app */ = {isa = PBXFileReference; explicitFileType = wrapper.application; includeInIndex = 0; path = BigBrainFun.app; sourceTree = BUILT_PRODUCTS_DIR; };
		0CE0BBDC29D89BAF00632086 /* BigBrainFunApp.swift */ = {isa = PBXFileReference; lastKnownFileType = sourcecode.swift; path = BigBrainFunApp.swift; sourceTree = "<group>"; };
		0CE0BBDE29D89BAF00632086 /* ContentView.swift */ = {isa = PBXFileReference; lastKnownFileType = sourcecode.swift; path = ContentView.swift; sourceTree = "<group>"; };
		0CE0BBE029D89BB000632086 /* Assets.xcassets */ = {isa = PBXFileReference; lastKnownFileType = folder.assetcatalog; path = Assets.xcassets; sourceTree = "<group>"; };
		0CE0BBE329D89BB000632086 /* Preview Assets.xcassets */ = {isa = PBXFileReference; lastKnownFileType = folder.assetcatalog; path = "Preview Assets.xcassets"; sourceTree = "<group>"; };
		0CE0BBE529D89BB000632086 /* BigBrainFun.entitlements */ = {isa = PBXFileReference; lastKnownFileType = text.plist.entitlements; path = BigBrainFun.entitlements; sourceTree = "<group>"; };
		0CE0BBEA29D89BB000632086 /* BigBrainFunTests.xctest */ = {isa = PBXFileReference; explicitFileType = wrapper.cfbundle; includeInIndex = 0; path = BigBrainFunTests.xctest; sourceTree = BUILT_PRODUCTS_DIR; };
		0CE0BBEE29D89BB000632086 /* BigBrainFunTests.swift */ = {isa = PBXFileReference; lastKnownFileType = sourcecode.swift; path = BigBrainFunTests.swift; sourceTree = "<group>"; };
		0CE0BBF429D89BB000632086 /* BigBrainFunUITests.xctest */ = {isa = PBXFileReference; explicitFileType = wrapper.cfbundle; includeInIndex = 0; path = BigBrainFunUITests.xctest; sourceTree = BUILT_PRODUCTS_DIR; };
		0CE0BBF829D89BB000632086 /* BigBrainFunUITests.swift */ = {isa = PBXFileReference; lastKnownFileType = sourcecode.swift; path = BigBrainFunUITests.swift; sourceTree = "<group>"; };
		0CE0BBFA29D89BB000632086 /* BigBrainFunUITestsLaunchTests.swift */ = {isa = PBXFileReference; lastKnownFileType = sourcecode.swift; path = BigBrainFunUITestsLaunchTests.swift; sourceTree = "<group>"; };
		0CE0D04329D9DC8E00ABA468 /* DashView.swift */ = {isa = PBXFileReference; lastKnownFileType = sourcecode.swift; path = DashView.swift; sourceTree = "<group>"; };
		0CE8E0FA29D8F8D300983BC7 /* RulesView.swift */ = {isa = PBXFileReference; lastKnownFileType = sourcecode.swift; path = RulesView.swift; sourceTree = "<group>"; };
		0CE8E0FC29D90CC200983BC7 /* PlanView.swift */ = {isa = PBXFileReference; lastKnownFileType = sourcecode.swift; path = PlanView.swift; sourceTree = "<group>"; };
		0CFF077929E6365F00AE8758 /* QuestFileAnalysisView.swift */ = {isa = PBXFileReference; lastKnownFileType = sourcecode.swift; path = QuestFileAnalysisView.swift; sourceTree = "<group>"; };
/* End PBXFileReference section */

/* Begin PBXFrameworksBuildPhase section */
		0CE0BBD629D89BAF00632086 /* Frameworks */ = {
			isa = PBXFrameworksBuildPhase;
			buildActionMask = 2147483647;
			files = (
				0C1573EF29DEFA6B008369C6 /* libsqlite3.0.tbd in Frameworks */,
				0C1573ED29DEF64C008369C6 /* libsqlite3.tbd in Frameworks */,
			);
			runOnlyForDeploymentPostprocessing = 0;
		};
		0CE0BBE729D89BB000632086 /* Frameworks */ = {
			isa = PBXFrameworksBuildPhase;
			buildActionMask = 2147483647;
			files = (
			);
			runOnlyForDeploymentPostprocessing = 0;
		};
		0CE0BBF129D89BB000632086 /* Frameworks */ = {
			isa = PBXFrameworksBuildPhase;
			buildActionMask = 2147483647;
			files = (
			);
			runOnlyForDeploymentPostprocessing = 0;
		};
/* End PBXFrameworksBuildPhase section */

/* Begin PBXGroup section */
		0C1573EB29DEF63F008369C6 /* Frameworks */ = {
			isa = PBXGroup;
			children = (
				0C1573EE29DEFA64008369C6 /* libsqlite3.0.tbd */,
				0C1573EC29DEF63F008369C6 /* libsqlite3.tbd */,
			);
			name = Frameworks;
			sourceTree = "<group>";
		};
		0CE0BBD029D89BAF00632086 = {
			isa = PBXGroup;
			children = (
				0CFF077929E6365F00AE8758 /* QuestFileAnalysisView.swift */,
				0CE0BBDB29D89BAF00632086 /* BigBrainFun */,
				0CE0BBED29D89BB000632086 /* BigBrainFunTests */,
				0CE0BBF729D89BB000632086 /* BigBrainFunUITests */,
				0CE0BBDA29D89BAF00632086 /* Products */,
				0C1573EB29DEF63F008369C6 /* Frameworks */,
			);
			sourceTree = "<group>";
		};
		0CE0BBDA29D89BAF00632086 /* Products */ = {
			isa = PBXGroup;
			children = (
				0CE0BBD929D89BAF00632086 /* BigBrainFun.app */,
				0CE0BBEA29D89BB000632086 /* BigBrainFunTests.xctest */,
				0CE0BBF429D89BB000632086 /* BigBrainFunUITests.xctest */,
			);
			name = Products;
			sourceTree = "<group>";
		};
		0CE0BBDB29D89BAF00632086 /* BigBrainFun */ = {
			isa = PBXGroup;
			children = (
				0C95C42F29DA3CA00070832C /* Info.plist */,
				0CB64D8C29E463A200866CE3 /* QuestViews.swift */,
				0C4BAB9F29DE086B001DAE6C /* QuestsManager.swift */,
				0CE0BBDC29D89BAF00632086 /* BigBrainFunApp.swift */,
				0CE0BBDE29D89BAF00632086 /* ContentView.swift */,
				0C57166429E1F1A0006BB033 /* YouTubeVideoPlayerView.swift */,
				0CE0D04329D9DC8E00ABA468 /* DashView.swift */,
				0C4BAB9D29DCA50D001DAE6C /* SpinningBackgroundView.swift */,
				0CE8E0FA29D8F8D300983BC7 /* RulesView.swift */,
				0CE8E0FC29D90CC200983BC7 /* PlanView.swift */,
				0C6FA66229E0B3B700F5418E /* CalendarView.swift */,
				0CE0BBE029D89BB000632086 /* Assets.xcassets */,
				0CE0BBE529D89BB000632086 /* BigBrainFun.entitlements */,
				0CE0BBE229D89BB000632086 /* Preview Content */,
			);
			path = BigBrainFun;
			sourceTree = "<group>";
		};
		0CE0BBE229D89BB000632086 /* Preview Content */ = {
			isa = PBXGroup;
			children = (
				0CE0BBE329D89BB000632086 /* Preview Assets.xcassets */,
			);
			path = "Preview Content";
			sourceTree = "<group>";
		};
		0CE0BBED29D89BB000632086 /* BigBrainFunTests */ = {
			isa = PBXGroup;
			children = (
				0CE0BBEE29D89BB000632086 /* BigBrainFunTests.swift */,
			);
			path = BigBrainFunTests;
			sourceTree = "<group>";
		};
		0CE0BBF729D89BB000632086 /* BigBrainFunUITests */ = {
			isa = PBXGroup;
			children = (
				0CE0BBF829D89BB000632086 /* BigBrainFunUITests.swift */,
				0CE0BBFA29D89BB000632086 /* BigBrainFunUITestsLaunchTests.swift */,
			);
			path = BigBrainFunUITests;
			sourceTree = "<group>";
		};
/* End PBXGroup section */

/* Begin PBXNativeTarget section */
		0CE0BBD829D89BAF00632086 /* BigBrainFun */ = {
			isa = PBXNativeTarget;
			buildConfigurationList = 0CE0BBFE29D89BB000632086 /* Build configuration list for PBXNativeTarget "BigBrainFun" */;
			buildPhases = (
				0CE0BBD529D89BAF00632086 /* Sources */,
				0CE0BBD629D89BAF00632086 /* Frameworks */,
				0CE0BBD729D89BAF00632086 /* Resources */,
			);
			buildRules = (
			);
			dependencies = (
			);
			name = BigBrainFun;
			productName = BigBrainFun;
			productReference = 0CE0BBD929D89BAF00632086 /* BigBrainFun.app */;
			productType = "com.apple.product-type.application";
		};
		0CE0BBE929D89BB000632086 /* BigBrainFunTests */ = {
			isa = PBXNativeTarget;
			buildConfigurationList = 0CE0BC0129D89BB000632086 /* Build configuration list for PBXNativeTarget "BigBrainFunTests" */;
			buildPhases = (
				0CE0BBE629D89BB000632086 /* Sources */,
				0CE0BBE729D89BB000632086 /* Frameworks */,
				0CE0BBE829D89BB000632086 /* Resources */,
			);
			buildRules = (
			);
			dependencies = (
				0CE0BBEC29D89BB000632086 /* PBXTargetDependency */,
			);
			name = BigBrainFunTests;
			productName = BigBrainFunTests;
			productReference = 0CE0BBEA29D89BB000632086 /* BigBrainFunTests.xctest */;
			productType = "com.apple.product-type.bundle.unit-test";
		};
		0CE0BBF329D89BB000632086 /* BigBrainFunUITests */ = {
			isa = PBXNativeTarget;
			buildConfigurationList = 0CE0BC0429D89BB000632086 /* Build configuration list for PBXNativeTarget "BigBrainFunUITests" */;
			buildPhases = (
				0CE0BBF029D89BB000632086 /* Sources */,
				0CE0BBF129D89BB000632086 /* Frameworks */,
				0CE0BBF229D89BB000632086 /* Resources */,
			);
			buildRules = (
			);
			dependencies = (
				0CE0BBF629D89BB000632086 /* PBXTargetDependency */,
			);
			name = BigBrainFunUITests;
			productName = BigBrainFunUITests;
			productReference = 0CE0BBF429D89BB000632086 /* BigBrainFunUITests.xctest */;
			productType = "com.apple.product-type.bundle.ui-testing";
		};
/* End PBXNativeTarget section */

/* Begin PBXProject section */
		0CE0BBD129D89BAF00632086 /* Project object */ = {
			isa = PBXProject;
			attributes = {
				BuildIndependentTargetsInParallel = 1;
				LastSwiftUpdateCheck = 1420;
				LastUpgradeCheck = 1420;
				TargetAttributes = {
					0CE0BBD829D89BAF00632086 = {
						CreatedOnToolsVersion = 14.2;
					};
					0CE0BBE929D89BB000632086 = {
						CreatedOnToolsVersion = 14.2;
						TestTargetID = 0CE0BBD829D89BAF00632086;
					};
					0CE0BBF329D89BB000632086 = {
						CreatedOnToolsVersion = 14.2;
						TestTargetID = 0CE0BBD829D89BAF00632086;
					};
				};
			};
			buildConfigurationList = 0CE0BBD429D89BAF00632086 /* Build configuration list for PBXProject "BigBrainFun" */;
			compatibilityVersion = "Xcode 14.0";
			developmentRegion = en;
			hasScannedForEncodings = 0;
			knownRegions = (
				en,
				Base,
			);
			mainGroup = 0CE0BBD029D89BAF00632086;
			productRefGroup = 0CE0BBDA29D89BAF00632086 /* Products */;
			projectDirPath = "";
			projectRoot = "";
			targets = (
				0CE0BBD829D89BAF00632086 /* BigBrainFun */,
				0CE0BBE929D89BB000632086 /* BigBrainFunTests */,
				0CE0BBF329D89BB000632086 /* BigBrainFunUITests */,
			);
		};
/* End PBXProject section */

/* Begin PBXResourcesBuildPhase section */
		0CE0BBD729D89BAF00632086 /* Resources */ = {
			isa = PBXResourcesBuildPhase;
			buildActionMask = 2147483647;
			files = (
				0CE0BBE429D89BB000632086 /* Preview Assets.xcassets in Resources */,
				0CE0BBE129D89BB000632086 /* Assets.xcassets in Resources */,
			);
			runOnlyForDeploymentPostprocessing = 0;
		};
		0CE0BBE829D89BB000632086 /* Resources */ = {
			isa = PBXResourcesBuildPhase;
			buildActionMask = 2147483647;
			files = (
			);
			runOnlyForDeploymentPostprocessing = 0;
		};
		0CE0BBF229D89BB000632086 /* Resources */ = {
			isa = PBXResourcesBuildPhase;
			buildActionMask = 2147483647;
			files = (
			);
			runOnlyForDeploymentPostprocessing = 0;
		};
/* End PBXResourcesBuildPhase section */

/* Begin PBXSourcesBuildPhase section */
		0CE0BBD529D89BAF00632086 /* Sources */ = {
			isa = PBXSourcesBuildPhase;
			buildActionMask = 2147483647;
			files = (
				0C57166529E1F1A0006BB033 /* YouTubeVideoPlayerView.swift in Sources */,
				0CFF077A29E6365F00AE8758 /* QuestFileAnalysisView.swift in Sources */,
				0C4BAB9E29DCA50D001DAE6C /* SpinningBackgroundView.swift in Sources */,
				0CE0D04429D9DC8E00ABA468 /* DashView.swift in Sources */,
				0CB64D8D29E463A200866CE3 /* QuestViews.swift in Sources */,
				0C6FA66329E0B3B700F5418E /* CalendarView.swift in Sources */,
				0CE0BBDF29D89BAF00632086 /* ContentView.swift in Sources */,
				0C4BABA029DE086B001DAE6C /* QuestsManager.swift in Sources */,
				0CE0BBDD29D89BAF00632086 /* BigBrainFunApp.swift in Sources */,
				0CE8E0FB29D8F8D300983BC7 /* RulesView.swift in Sources */,
				0CE8E0FD29D90CC200983BC7 /* PlanView.swift in Sources */,
			);
			runOnlyForDeploymentPostprocessing = 0;
		};
		0CE0BBE629D89BB000632086 /* Sources */ = {
			isa = PBXSourcesBuildPhase;
			buildActionMask = 2147483647;
			files = (
				0CE0BBEF29D89BB000632086 /* BigBrainFunTests.swift in Sources */,
			);
			runOnlyForDeploymentPostprocessing = 0;
		};
		0CE0BBF029D89BB000632086 /* Sources */ = {
			isa = PBXSourcesBuildPhase;
			buildActionMask = 2147483647;
			files = (
				0CE0BBFB29D89BB000632086 /* BigBrainFunUITestsLaunchTests.swift in Sources */,
				0CE0BBF929D89BB000632086 /* BigBrainFunUITests.swift in Sources */,
			);
			runOnlyForDeploymentPostprocessing = 0;
		};
/* End PBXSourcesBuildPhase section */

/* Begin PBXTargetDependency section */
		0CE0BBEC29D89BB000632086 /* PBXTargetDependency */ = {
			isa = PBXTargetDependency;
			target = 0CE0BBD829D89BAF00632086 /* BigBrainFun */;
			targetProxy = 0CE0BBEB29D89BB000632086 /* PBXContainerItemProxy */;
		};
		0CE0BBF629D89BB000632086 /* PBXTargetDependency */ = {
			isa = PBXTargetDependency;
			target = 0CE0BBD829D89BAF00632086 /* BigBrainFun */;
			targetProxy = 0CE0BBF529D89BB000632086 /* PBXContainerItemProxy */;
		};
/* End PBXTargetDependency section */

/* Begin XCBuildConfiguration section */
		0CE0BBFC29D89BB000632086 /* Debug */ = {
			isa = XCBuildConfiguration;
			buildSettings = {
				ALWAYS_SEARCH_USER_PATHS = NO;
				CLANG_ANALYZER_NONNULL = YES;
				CLANG_ANALYZER_NUMBER_OBJECT_CONVERSION = YES_AGGRESSIVE;
				CLANG_CXX_LANGUAGE_STANDARD = "gnu++20";
				CLANG_ENABLE_MODULES = YES;
				CLANG_ENABLE_OBJC_ARC = YES;
				CLANG_ENABLE_OBJC_WEAK = YES;
				CLANG_WARN_BLOCK_CAPTURE_AUTORELEASING = YES;
				CLANG_WARN_BOOL_CONVERSION = YES;
				CLANG_WARN_COMMA = YES;
				CLANG_WARN_CONSTANT_CONVERSION = YES;
				CLANG_WARN_DEPRECATED_OBJC_IMPLEMENTATIONS = YES;
				CLANG_WARN_DIRECT_OBJC_ISA_USAGE = YES_ERROR;
				CLANG_WARN_DOCUMENTATION_COMMENTS = YES;
				CLANG_WARN_EMPTY_BODY = YES;
				CLANG_WARN_ENUM_CONVERSION = YES;
				CLANG_WARN_INFINITE_RECURSION = YES;
				CLANG_WARN_INT_CONVERSION = YES;
				CLANG_WARN_NON_LITERAL_NULL_CONVERSION = YES;
				CLANG_WARN_OBJC_IMPLICIT_RETAIN_SELF = YES;
				CLANG_WARN_OBJC_LITERAL_CONVERSION = YES;
				CLANG_WARN_OBJC_ROOT_CLASS = YES_ERROR;
				CLANG_WARN_QUOTED_INCLUDE_IN_FRAMEWORK_HEADER = YES;
				CLANG_WARN_RANGE_LOOP_ANALYSIS = YES;
				CLANG_WARN_STRICT_PROTOTYPES = YES;
				CLANG_WARN_SUSPICIOUS_MOVE = YES;
				CLANG_WARN_UNGUARDED_AVAILABILITY = YES_AGGRESSIVE;
				CLANG_WARN_UNREACHABLE_CODE = YES;
				CLANG_WARN__DUPLICATE_METHOD_MATCH = YES;
				COPY_PHASE_STRIP = NO;
				DEBUG_INFORMATION_FORMAT = dwarf;
				ENABLE_STRICT_OBJC_MSGSEND = YES;
				ENABLE_TESTABILITY = YES;
				GCC_C_LANGUAGE_STANDARD = gnu11;
				GCC_DYNAMIC_NO_PIC = NO;
				GCC_NO_COMMON_BLOCKS = YES;
				GCC_OPTIMIZATION_LEVEL = 0;
				GCC_PREPROCESSOR_DEFINITIONS = (
					"DEBUG=1",
					"$(inherited)",
				);
				GCC_WARN_64_TO_32_BIT_CONVERSION = YES;
				GCC_WARN_ABOUT_RETURN_TYPE = YES_ERROR;
				GCC_WARN_UNDECLARED_SELECTOR = YES;
				GCC_WARN_UNINITIALIZED_AUTOS = YES_AGGRESSIVE;
				GCC_WARN_UNUSED_FUNCTION = YES;
				GCC_WARN_UNUSED_VARIABLE = YES;
				MACOSX_DEPLOYMENT_TARGET = 13.1;
				MTL_ENABLE_DEBUG_INFO = INCLUDE_SOURCE;
				MTL_FAST_MATH = YES;
				ONLY_ACTIVE_ARCH = YES;
				SDKROOT = macosx;
				SWIFT_ACTIVE_COMPILATION_CONDITIONS = DEBUG;
				SWIFT_OPTIMIZATION_LEVEL = "-Onone";
			};
			name = Debug;
		};
		0CE0BBFD29D89BB000632086 /* Release */ = {
			isa = XCBuildConfiguration;
			buildSettings = {
				ALWAYS_SEARCH_USER_PATHS = NO;
				CLANG_ANALYZER_NONNULL = YES;
				CLANG_ANALYZER_NUMBER_OBJECT_CONVERSION = YES_AGGRESSIVE;
				CLANG_CXX_LANGUAGE_STANDARD = "gnu++20";
				CLANG_ENABLE_MODULES = YES;
				CLANG_ENABLE_OBJC_ARC = YES;
				CLANG_ENABLE_OBJC_WEAK = YES;
				CLANG_WARN_BLOCK_CAPTURE_AUTORELEASING = YES;
				CLANG_WARN_BOOL_CONVERSION = YES;
				CLANG_WARN_COMMA = YES;
				CLANG_WARN_CONSTANT_CONVERSION = YES;
				CLANG_WARN_DEPRECATED_OBJC_IMPLEMENTATIONS = YES;
				CLANG_WARN_DIRECT_OBJC_ISA_USAGE = YES_ERROR;
				CLANG_WARN_DOCUMENTATION_COMMENTS = YES;
				CLANG_WARN_EMPTY_BODY = YES;
				CLANG_WARN_ENUM_CONVERSION = YES;
				CLANG_WARN_INFINITE_RECURSION = YES;
				CLANG_WARN_INT_CONVERSION = YES;
				CLANG_WARN_NON_LITERAL_NULL_CONVERSION = YES;
				CLANG_WARN_OBJC_IMPLICIT_RETAIN_SELF = YES;
				CLANG_WARN_OBJC_LITERAL_CONVERSION = YES;
				CLANG_WARN_OBJC_ROOT_CLASS = YES_ERROR;
				CLANG_WARN_QUOTED_INCLUDE_IN_FRAMEWORK_HEADER = YES;
				CLANG_WARN_RANGE_LOOP_ANALYSIS = YES;
				CLANG_WARN_STRICT_PROTOTYPES = YES;
				CLANG_WARN_SUSPICIOUS_MOVE = YES;
				CLANG_WARN_UNGUARDED_AVAILABILITY = YES_AGGRESSIVE;
				CLANG_WARN_UNREACHABLE_CODE = YES;
				CLANG_WARN__DUPLICATE_METHOD_MATCH = YES;
				COPY_PHASE_STRIP = NO;
				DEBUG_INFORMATION_FORMAT = "dwarf-with-dsym";
				ENABLE_NS_ASSERTIONS = NO;
				ENABLE_STRICT_OBJC_MSGSEND = YES;
				GCC_C_LANGUAGE_STANDARD = gnu11;
				GCC_NO_COMMON_BLOCKS = YES;
				GCC_WARN_64_TO_32_BIT_CONVERSION = YES;
				GCC_WARN_ABOUT_RETURN_TYPE = YES_ERROR;
				GCC_WARN_UNDECLARED_SELECTOR = YES;
				GCC_WARN_UNINITIALIZED_AUTOS = YES_AGGRESSIVE;
				GCC_WARN_UNUSED_FUNCTION = YES;
				GCC_WARN_UNUSED_VARIABLE = YES;
				MACOSX_DEPLOYMENT_TARGET = 13.1;
				MTL_ENABLE_DEBUG_INFO = NO;
				MTL_FAST_MATH = YES;
				SDKROOT = macosx;
				SWIFT_COMPILATION_MODE = wholemodule;
				SWIFT_OPTIMIZATION_LEVEL = "-O";
			};
			name = Release;
		};
		0CE0BBFF29D89BB000632086 /* Debug */ = {
			isa = XCBuildConfiguration;
			buildSettings = {
				ASSETCATALOG_COMPILER_APPICON_NAME = AppIcon;
				ASSETCATALOG_COMPILER_GLOBAL_ACCENT_COLOR_NAME = AccentColor;
				ASSETCATALOG_COMPILER_INCLUDE_ALL_APPICON_ASSETS = NO;
				CODE_SIGN_ENTITLEMENTS = BigBrainFun/BigBrainFun.entitlements;
				CODE_SIGN_STYLE = Automatic;
				COMBINE_HIDPI_IMAGES = YES;
				CURRENT_PROJECT_VERSION = 1;
				DEVELOPMENT_ASSET_PATHS = "\"BigBrainFun/Preview Content\"";
				DEVELOPMENT_TEAM = "";
				ENABLE_PREVIEWS = YES;
				GENERATE_INFOPLIST_FILE = YES;
				INFOPLIST_FILE = BigBrainFun/Info.plist;
				INFOPLIST_KEY_NSHumanReadableCopyright = "";
				LD_RUNPATH_SEARCH_PATHS = (
					"$(inherited)",
					"@executable_path/../Frameworks",
				);
				MARKETING_VERSION = 1.0;
				PRODUCT_BUNDLE_IDENTIFIER = com.pzaction.BigBrainFun;
				PRODUCT_NAME = "$(TARGET_NAME)";
				SWIFT_EMIT_LOC_STRINGS = YES;
				SWIFT_VERSION = 5.0;
			};
			name = Debug;
		};
		0CE0BC0029D89BB000632086 /* Release */ = {
			isa = XCBuildConfiguration;
			buildSettings = {
				ASSETCATALOG_COMPILER_APPICON_NAME = AppIcon;
				ASSETCATALOG_COMPILER_GLOBAL_ACCENT_COLOR_NAME = AccentColor;
				ASSETCATALOG_COMPILER_INCLUDE_ALL_APPICON_ASSETS = NO;
				CODE_SIGN_ENTITLEMENTS = BigBrainFun/BigBrainFun.entitlements;
				CODE_SIGN_STYLE = Automatic;
				COMBINE_HIDPI_IMAGES = YES;
				CURRENT_PROJECT_VERSION = 1;
				DEVELOPMENT_ASSET_PATHS = "\"BigBrainFun/Preview Content\"";
				DEVELOPMENT_TEAM = "";
				ENABLE_PREVIEWS = YES;
				GENERATE_INFOPLIST_FILE = YES;
				INFOPLIST_FILE = BigBrainFun/Info.plist;
				INFOPLIST_KEY_NSHumanReadableCopyright = "";
				LD_RUNPATH_SEARCH_PATHS = (
					"$(inherited)",
					"@executable_path/../Frameworks",
				);
				MARKETING_VERSION = 1.0;
				PRODUCT_BUNDLE_IDENTIFIER = com.pzaction.BigBrainFun;
				PRODUCT_NAME = "$(TARGET_NAME)";
				SWIFT_EMIT_LOC_STRINGS = YES;
				SWIFT_VERSION = 5.0;
			};
			name = Release;
		};
		0CE0BC0229D89BB000632086 /* Debug */ = {
			isa = XCBuildConfiguration;
			buildSettings = {
				ALWAYS_EMBED_SWIFT_STANDARD_LIBRARIES = YES;
				BUNDLE_LOADER = "$(TEST_HOST)";
				CODE_SIGN_STYLE = Automatic;
				CURRENT_PROJECT_VERSION = 1;
				GENERATE_INFOPLIST_FILE = YES;
				MACOSX_DEPLOYMENT_TARGET = 13.1;
				MARKETING_VERSION = 1.0;
				PRODUCT_BUNDLE_IDENTIFIER = com.pzaction.BigBrainFunTests;
				PRODUCT_NAME = "$(TARGET_NAME)";
				SWIFT_EMIT_LOC_STRINGS = NO;
				SWIFT_VERSION = 5.0;
				TEST_HOST = "$(BUILT_PRODUCTS_DIR)/BigBrainFun.app/$(BUNDLE_EXECUTABLE_FOLDER_PATH)/BigBrainFun";
			};
			name = Debug;
		};
		0CE0BC0329D89BB000632086 /* Release */ = {
			isa = XCBuildConfiguration;
			buildSettings = {
				ALWAYS_EMBED_SWIFT_STANDARD_LIBRARIES = YES;
				BUNDLE_LOADER = "$(TEST_HOST)";
				CODE_SIGN_STYLE = Automatic;
				CURRENT_PROJECT_VERSION = 1;
				GENERATE_INFOPLIST_FILE = YES;
				MACOSX_DEPLOYMENT_TARGET = 13.1;
				MARKETING_VERSION = 1.0;
				PRODUCT_BUNDLE_IDENTIFIER = com.pzaction.BigBrainFunTests;
				PRODUCT_NAME = "$(TARGET_NAME)";
				SWIFT_EMIT_LOC_STRINGS = NO;
				SWIFT_VERSION = 5.0;
				TEST_HOST = "$(BUILT_PRODUCTS_DIR)/BigBrainFun.app/$(BUNDLE_EXECUTABLE_FOLDER_PATH)/BigBrainFun";
			};
			name = Release;
		};
		0CE0BC0529D89BB000632086 /* Debug */ = {
			isa = XCBuildConfiguration;
			buildSettings = {
				ALWAYS_EMBED_SWIFT_STANDARD_LIBRARIES = YES;
				CODE_SIGN_STYLE = Automatic;
				CURRENT_PROJECT_VERSION = 1;
				GENERATE_INFOPLIST_FILE = YES;
				MARKETING_VERSION = 1.0;
				PRODUCT_BUNDLE_IDENTIFIER = com.pzaction.BigBrainFunUITests;
				PRODUCT_NAME = "$(TARGET_NAME)";
				SWIFT_EMIT_LOC_STRINGS = NO;
				SWIFT_VERSION = 5.0;
				TEST_TARGET_NAME = BigBrainFun;
			};
			name = Debug;
		};
		0CE0BC0629D89BB000632086 /* Release */ = {
			isa = XCBuildConfiguration;
			buildSettings = {
				ALWAYS_EMBED_SWIFT_STANDARD_LIBRARIES = YES;
				CODE_SIGN_STYLE = Automatic;
				CURRENT_PROJECT_VERSION = 1;
				GENERATE_INFOPLIST_FILE = YES;
				MARKETING_VERSION = 1.0;
				PRODUCT_BUNDLE_IDENTIFIER = com.pzaction.BigBrainFunUITests;
				PRODUCT_NAME = "$(TARGET_NAME)";
				SWIFT_EMIT_LOC_STRINGS = NO;
				SWIFT_VERSION = 5.0;
				TEST_TARGET_NAME = BigBrainFun;
			};
			name = Release;
		};
/* End XCBuildConfiguration section */

/* Begin XCConfigurationList section */
		0CE0BBD429D89BAF00632086 /* Build configuration list for PBXProject "BigBrainFun" */ = {
			isa = XCConfigurationList;
			buildConfigurations = (
				0CE0BBFC29D89BB000632086 /* Debug */,
				0CE0BBFD29D89BB000632086 /* Release */,
			);
			defaultConfigurationIsVisible = 0;
			defaultConfigurationName = Release;
		};
		0CE0BBFE29D89BB000632086 /* Build configuration list for PBXNativeTarget "BigBrainFun" */ = {
			isa = XCConfigurationList;
			buildConfigurations = (
				0CE0BBFF29D89BB000632086 /* Debug */,
				0CE0BC0029D89BB000632086 /* Release */,
			);
			defaultConfigurationIsVisible = 0;
			defaultConfigurationName = Release;
		};
		0CE0BC0129D89BB000632086 /* Build configuration list for PBXNativeTarget "BigBrainFunTests" */ = {
			isa = XCConfigurationList;
			buildConfigurations = (
				0CE0BC0229D89BB000632086 /* Debug */,
				0CE0BC0329D89BB000632086 /* Release */,
			);
			defaultConfigurationIsVisible = 0;
			defaultConfigurationName = Release;
		};
		0CE0BC0429D89BB000632086 /* Build configuration list for PBXNativeTarget "BigBrainFunUITests" */ = {
			isa = XCConfigurationList;
			buildConfigurations = (
				0CE0BC0529D89BB000632086 /* Debug */,
				0CE0BC0629D89BB000632086 /* Release */,
			);
			defaultConfigurationIsVisible = 0;
			defaultConfigurationName = Release;
		};
/* End XCConfigurationList section */
	};
	rootObject = 0CE0BBD129D89BAF00632086 /* Project object */;
}
